
Microsoft Visual Studio Solution File, Format Version 12.00
# Visual Studio Version 16
VisualStudioVersion = 16.0.32413.511
MinimumVisualStudioVersion = 10.0.40219.1
Project("{9A19103F-16F7-4668-BE54-9A1E7A4F7556}") = "lesson_9", "lesson_9\lesson_9.csproj", "{74F054D7-ABB7-4A6A-9AE2-7BD800786AED}"
EndProject
Project("{FAE04EC0-301F-11D3-BF4B-00C04F79EFBC}") = "Lesson_9.2", "Lesson_9.2\Lesson_9.2.csproj", "{1838AFE7-83DD-4B5D-BA84-671190F4DEE3}"
EndProject
Global
	GlobalSection(SolutionConfigurationPlatforms) = preSolution
		Debug|Any CPU = Debug|Any CPU
		Release|Any CPU = Release|Any CPU
	EndGlobalSection
	GlobalSection(ProjectConfigurationPlatforms) = postSolution
		{74F054D7-ABB7-4A6A-9AE2-7BD800786AED}.Debug|Any CPU.ActiveCfg = Debug|Any CPU
		{74F054D7-ABB7-4A6A-9AE2-7BD800786AED}.Debug|Any CPU.Build.0 = Debug|Any CPU
		{74F054D7-ABB7-4A6A-9AE2-7BD800786AED}.Release|Any CPU.ActiveCfg = Release|Any CPU
		{74F054D7-ABB7-4A6A-9AE2-7BD800786AED}.Release|Any CPU.Build.0 = Release|Any CPU
		{1838AFE7-83DD-4B5D-BA84-671190F4DEE3}.Debug|Any CPU.ActiveCfg = Debug|Any CPU
		{1838AFE7-83DD-4B5D-BA84-671190F4DEE3}.Debug|Any CPU.Build.0 = Debug|Any CPU
		{1838AFE7-83DD-4B5D-BA84-671190F4DEE3}.Release|Any CPU.ActiveCfg = Release|Any CPU
		{1838AFE7-83DD-4B5D-BA84-671190F4DEE3}.Release|Any CPU.Build.0 = Release|Any CPU
	EndGlobalSection
	GlobalSection(SolutionProperties) = preSolution
		HideSolutionNode = FALSE
	EndGlobalSection
	GlobalSection(ExtensibilityGlobals) = postSolution
		SolutionGuid = {99D9A420-3CBE-49D6-B669-24C4A90DEB7C}
	EndGlobalSection
EndGlobal
